// !$*UTF8*$!
{
	archiveVersion = 1;
	classes = {
	};
	objectVersion = 77;
	objects = {

/* Begin PBXBuildFile section */
		100000000000000000000001 /* BrickPuzzleApp.swift in Sources */ = {isa = PBXBuildFile; fileRef = 100000000000000000000101 /* BrickPuzzleApp.swift */; };
		100000000000000000000002 /* AppRootView.swift in Sources */ = {isa = PBXBuildFile; fileRef = 100000000000000000000102 /* AppRootView.swift */; };
		100000000000000000000003 /* SpriteKitGameView.swift in Sources */ = {isa = PBXBuildFile; fileRef = 100000000000000000000103 /* SpriteKitGameView.swift */; };
		100000000000000000000004 /* BrickPuzzleScene.swift in Sources */ = {isa = PBXBuildFile; fileRef = 100000000000000000000104 /* BrickPuzzleScene.swift */; };
		100000000000000000000005 /* LevelDefinition.swift in Sources */ = {isa = PBXBuildFile; fileRef = 100000000000000000000105 /* LevelDefinition.swift */; };
		100000000000000000000006 /* PowerupDefinition.swift in Sources */ = {isa = PBXBuildFile; fileRef = 100000000000000000000106 /* PowerupDefinition.swift */; };
		100000000000000000000007 /* Assets.xcassets in Resources */ = {isa = PBXBuildFile; fileRef = 100000000000000000000107 /* Assets.xcassets */; };
		100000000000000000000008 /* LevelDefinitionTests.swift in Sources */ = {isa = PBXBuildFile; fileRef = 100000000000000000000108 /* LevelDefinitionTests.swift */; };
		100000000000000000000009 /* BrickPuzzleUITests.swift in Sources */ = {isa = PBXBuildFile; fileRef = 100000000000000000000109 /* BrickPuzzleUITests.swift */; };
		200000000000000000000001 /* GameState.swift in Sources */ = {isa = PBXBuildFile; fileRef = 100000000000000000001101 /* GameState.swift */; };
		200000000000000000000002 /* GameStateTests.swift in Sources */ = {isa = PBXBuildFile; fileRef = 100000000000000000001102 /* GameStateTests.swift */; };
		300000000000000000000001 /* LevelBundleLoader.swift in Sources */ = {isa = PBXBuildFile; fileRef = 300000000000000000000101 /* LevelBundleLoader.swift */; };
		300000000000000000000002 /* LevelBundleLoaderTests.swift in Sources */ = {isa = PBXBuildFile; fileRef = 300000000000000000000102 /* LevelBundleLoaderTests.swift */; };
		300000000000000000000003 /* Levels in Resources */ = {isa = PBXBuildFile; fileRef = 300000000000000000000103 /* Levels */; };
		400000000000000000000001 /* ReplayValidation.swift in Sources */ = {isa = PBXBuildFile; fileRef = 400000000000000000000101 /* ReplayValidation.swift */; };
		400000000000000000000002 /* ReplayRunnerTests.swift in Sources */ = {isa = PBXBuildFile; fileRef = 400000000000000000000102 /* ReplayRunnerTests.swift */; };
		400000000000000000000003 /* Replays in Resources */ = {isa = PBXBuildFile; fileRef = 400000000000000000000103 /* Replays */; };
		500000000000000000000001 /* AppState.swift in Sources */ = {isa = PBXBuildFile; fileRef = 500000000000000000000101 /* AppState.swift */; };
/* End PBXBuildFile section */

/* Begin PBXContainerItemProxy section */
		100000000000000000000201 /* PBXContainerItemProxy */ = {
			isa = PBXContainerItemProxy;
			containerPortal = 100000000000000000000301 /* Project object */;
			proxyType = 1;
			remoteGlobalIDString = 100000000000000000000401;
			remoteInfo = BrickPuzzle;
		};
		100000000000000000000202 /* PBXContainerItemProxy */ = {
			isa = PBXContainerItemProxy;
			containerPortal = 100000000000000000000301 /* Project object */;
			proxyType = 1;
			remoteGlobalIDString = 100000000000000000000401;
			remoteInfo = BrickPuzzle;
		};
/* End PBXContainerItemProxy section */

/* Begin PBXFileReference section */
		100000000000000000000101 /* BrickPuzzleApp.swift */ = {isa = PBXFileReference; lastKnownFileType = sourcecode.swift; path = BrickPuzzleApp.swift; sourceTree = "<group>"; };
		100000000000000000000102 /* AppRootView.swift */ = {isa = PBXFileReference; lastKnownFileType = sourcecode.swift; path = AppRootView.swift; sourceTree = "<group>"; };
		100000000000000000000103 /* SpriteKitGameView.swift */ = {isa = PBXFileReference; lastKnownFileType = sourcecode.swift; path = SpriteKitGameView.swift; sourceTree = "<group>"; };
		100000000000000000000104 /* BrickPuzzleScene.swift */ = {isa = PBXFileReference; lastKnownFileType = sourcecode.swift; path = BrickPuzzleScene.swift; sourceTree = "<group>"; };
		100000000000000000000105 /* LevelDefinition.swift */ = {isa = PBXFileReference; lastKnownFileType = sourcecode.swift; path = LevelDefinition.swift; sourceTree = "<group>"; };
		100000000000000000000106 /* PowerupDefinition.swift */ = {isa = PBXFileReference; lastKnownFileType = sourcecode.swift; path = PowerupDefinition.swift; sourceTree = "<group>"; };
		100000000000000000000107 /* Assets.xcassets */ = {isa = PBXFileReference; lastKnownFileType = folder.assetcatalog; path = Assets.xcassets; sourceTree = "<group>"; };
		100000000000000000000108 /* LevelDefinitionTests.swift */ = {isa = PBXFileReference; lastKnownFileType = sourcecode.swift; path = LevelDefinitionTests.swift; sourceTree = "<group>"; };
		100000000000000000000109 /* BrickPuzzleUITests.swift */ = {isa = PBXFileReference; lastKnownFileType = sourcecode.swift; path = BrickPuzzleUITests.swift; sourceTree = "<group>"; };
		100000000000000000000110 /* Preview Content */ = {isa = PBXFileReference; lastKnownFileType = folder; path = "Preview Content"; sourceTree = "<group>"; };
		100000000000000000000111 /* product-plan.md */ = {isa = PBXFileReference; lastKnownFileType = net.daringfireball.markdown; path = "product-plan.md"; sourceTree = "<group>"; };
		100000000000000000000112 /* research-sources.md */ = {isa = PBXFileReference; lastKnownFileType = net.daringfireball.markdown; path = "research-sources.md"; sourceTree = "<group>"; };
		100000000000000000000113 /* README.md */ = {isa = PBXFileReference; lastKnownFileType = net.daringfireball.markdown; path = README.md; sourceTree = "<group>"; };
		100000000000000000001101 /* GameState.swift */ = {isa = PBXFileReference; lastKnownFileType = sourcecode.swift; path = GameState.swift; sourceTree = "<group>"; };
		100000000000000000001102 /* GameStateTests.swift */ = {isa = PBXFileReference; lastKnownFileType = sourcecode.swift; path = GameStateTests.swift; sourceTree = "<group>"; };
		300000000000000000000101 /* LevelBundleLoader.swift */ = {isa = PBXFileReference; lastKnownFileType = sourcecode.swift; path = LevelBundleLoader.swift; sourceTree = "<group>"; };
		300000000000000000000102 /* LevelBundleLoaderTests.swift */ = {isa = PBXFileReference; lastKnownFileType = sourcecode.swift; path = LevelBundleLoaderTests.swift; sourceTree = "<group>"; };
		300000000000000000000103 /* Levels */ = {isa = PBXFileReference; lastKnownFileType = folder; path = Levels; sourceTree = "<group>"; };
		400000000000000000000101 /* ReplayValidation.swift */ = {isa = PBXFileReference; lastKnownFileType = sourcecode.swift; path = ReplayValidation.swift; sourceTree = "<group>"; };
		400000000000000000000102 /* ReplayRunnerTests.swift */ = {isa = PBXFileReference; lastKnownFileType = sourcecode.swift; path = ReplayRunnerTests.swift; sourceTree = "<group>"; };
		400000000000000000000103 /* Replays */ = {isa = PBXFileReference; lastKnownFileType = folder; path = Replays; sourceTree = "<group>"; };
		500000000000000000000101 /* AppState.swift */ = {isa = PBXFileReference; lastKnownFileType = sourcecode.swift; path = AppState.swift; sourceTree = "<group>"; };
		100000000000000000000501 /* BrickPuzzle.app */ = {isa = PBXFileReference; explicitFileType = wrapper.application; includeInIndex = 0; path = BrickPuzzle.app; sourceTree = BUILT_PRODUCTS_DIR; };
		100000000000000000000502 /* BrickPuzzleTests.xctest */ = {isa = PBXFileReference; explicitFileType = wrapper.cfbundle; includeInIndex = 0; path = BrickPuzzleTests.xctest; sourceTree = BUILT_PRODUCTS_DIR; };
		100000000000000000000503 /* BrickPuzzleUITests.xctest */ = {isa = PBXFileReference; explicitFileType = wrapper.cfbundle; includeInIndex = 0; path = BrickPuzzleUITests.xctest; sourceTree = BUILT_PRODUCTS_DIR; };
/* End PBXFileReference section */

/* Begin PBXFrameworksBuildPhase section */
		100000000000000000000601 /* Frameworks */ = {
			isa = PBXFrameworksBuildPhase;
			buildActionMask = 2147483647;
			files = (
			);
			runOnlyForDeploymentPostprocessing = 0;
		};
		100000000000000000000602 /* Frameworks */ = {
			isa = PBXFrameworksBuildPhase;
			buildActionMask = 2147483647;
			files = (
			);
			runOnlyForDeploymentPostprocessing = 0;
		};
		100000000000000000000603 /* Frameworks */ = {
			isa = PBXFrameworksBuildPhase;
			buildActionMask = 2147483647;
			files = (
			);
			runOnlyForDeploymentPostprocessing = 0;
		};
/* End PBXFrameworksBuildPhase section */

/* Begin PBXGroup section */
		100000000000000000000701 = {
			isa = PBXGroup;
			children = (
				100000000000000000000113 /* README.md */,
				100000000000000000000702 /* BrickPuzzle */,
				100000000000000000000708 /* BrickPuzzleTests */,
				100000000000000000000709 /* BrickPuzzleUITests */,
				100000000000000000000710 /* ProjectManagement */,
				100000000000000000000711 /* Products */,
			);
			sourceTree = "<group>";
		};
		100000000000000000000702 /* BrickPuzzle */ = {
			isa = PBXGroup;
			children = (
				100000000000000000000703 /* App */,
				100000000000000000001701 /* Domain */,
				100000000000000000000704 /* Game */,
				300000000000000000000701 /* Levels */,
				100000000000000000000705 /* Models */,
				400000000000000000000701 /* Replays */,
				100000000000000000000706 /* Resources */,
			);
			path = BrickPuzzle;
			sourceTree = "<group>";
		};
		100000000000000000000703 /* App */ = {
			isa = PBXGroup;
			children = (
				100000000000000000000101 /* BrickPuzzleApp.swift */,
				100000000000000000000102 /* AppRootView.swift */,
				500000000000000000000101 /* AppState.swift */,
			);
			path = App;
			sourceTree = "<group>";
		};
		100000000000000000001701 /* Domain */ = {
			isa = PBXGroup;
			children = (
				100000000000000000001101 /* GameState.swift */,
			);
			path = Domain;
			sourceTree = "<group>";
		};
		100000000000000000000704 /* Game */ = {
			isa = PBXGroup;
			children = (
				100000000000000000000103 /* SpriteKitGameView.swift */,
				100000000000000000000104 /* BrickPuzzleScene.swift */,
			);
			path = Game;
			sourceTree = "<group>";
		};
		100000000000000000000705 /* Models */ = {
			isa = PBXGroup;
			children = (
				100000000000000000000105 /* LevelDefinition.swift */,
				100000000000000000000106 /* PowerupDefinition.swift */,
			);
			path = Models;
			sourceTree = "<group>";
		};
		300000000000000000000701 /* Levels */ = {
			isa = PBXGroup;
			children = (
				300000000000000000000101 /* LevelBundleLoader.swift */,
			);
			path = Levels;
			sourceTree = "<group>";
		};
		400000000000000000000701 /* Replays */ = {
			isa = PBXGroup;
			children = (
				400000000000000000000101 /* ReplayValidation.swift */,
			);
			path = Replays;
			sourceTree = "<group>";
		};
		100000000000000000000706 /* Resources */ = {
			isa = PBXGroup;
			children = (
				100000000000000000000107 /* Assets.xcassets */,
				300000000000000000000103 /* Levels */,
				400000000000000000000103 /* Replays */,
				100000000000000000000110 /* Preview Content */,
			);
			path = Resources;
			sourceTree = "<group>";
		};
		100000000000000000000708 /* BrickPuzzleTests */ = {
			isa = PBXGroup;
			children = (
				100000000000000000000108 /* LevelDefinitionTests.swift */,
				100000000000000000001102 /* GameStateTests.swift */,
				300000000000000000000102 /* LevelBundleLoaderTests.swift */,
				400000000000000000000102 /* ReplayRunnerTests.swift */,
			);
			path = BrickPuzzleTests;
			sourceTree = "<group>";
		};
		100000000000000000000709 /* BrickPuzzleUITests */ = {
			isa = PBXGroup;
			children = (
				100000000000000000000109 /* BrickPuzzleUITests.swift */,
			);
			path = BrickPuzzleUITests;
			sourceTree = "<group>";
		};
		100000000000000000000710 /* ProjectManagement */ = {
			isa = PBXGroup;
			children = (
				100000000000000000000712 /* product-management */,
			);
			path = ProjectManagement;
			sourceTree = "<group>";
		};
		100000000000000000000712 /* product-management */ = {
			isa = PBXGroup;
			children = (
				100000000000000000000111 /* product-plan.md */,
				100000000000000000000112 /* research-sources.md */,
			);
			path = "product-management";
			sourceTree = "<group>";
		};
		100000000000000000000711 /* Products */ = {
			isa = PBXGroup;
			children = (
				100000000000000000000501 /* BrickPuzzle.app */,
				100000000000000000000502 /* BrickPuzzleTests.xctest */,
				100000000000000000000503 /* BrickPuzzleUITests.xctest */,
			);
			name = Products;
			sourceTree = "<group>";
		};
/* End PBXGroup section */

/* Begin PBXNativeTarget section */
		100000000000000000000401 /* BrickPuzzle */ = {
			isa = PBXNativeTarget;
			buildConfigurationList = 100000000000000000000901 /* Build configuration list for PBXNativeTarget "BrickPuzzle" */;
			buildPhases = (
				100000000000000000000801 /* Sources */,
				100000000000000000000601 /* Frameworks */,
				100000000000000000000804 /* Resources */,
			);
			buildRules = (
			);
			dependencies = (
			);
			name = BrickPuzzle;
			productName = BrickPuzzle;
			productReference = 100000000000000000000501 /* BrickPuzzle.app */;
			productType = "com.apple.product-type.application";
		};
		100000000000000000000402 /* BrickPuzzleTests */ = {
			isa = PBXNativeTarget;
			buildConfigurationList = 100000000000000000000902 /* Build configuration list for PBXNativeTarget "BrickPuzzleTests" */;
			buildPhases = (
				100000000000000000000802 /* Sources */,
				100000000000000000000602 /* Frameworks */,
				100000000000000000000805 /* Resources */,
			);
			buildRules = (
			);
			dependencies = (
				100000000000000000000203 /* PBXTargetDependency */,
			);
			name = BrickPuzzleTests;
			productName = BrickPuzzleTests;
			productReference = 100000000000000000000502 /* BrickPuzzleTests.xctest */;
			productType = "com.apple.product-type.bundle.unit-test";
		};
		100000000000000000000403 /* BrickPuzzleUITests */ = {
			isa = PBXNativeTarget;
			buildConfigurationList = 100000000000000000000903 /* Build configuration list for PBXNativeTarget "BrickPuzzleUITests" */;
			buildPhases = (
				100000000000000000000803 /* Sources */,
				100000000000000000000603 /* Frameworks */,
				100000000000000000000806 /* Resources */,
			);
			buildRules = (
			);
			dependencies = (
				100000000000000000000204 /* PBXTargetDependency */,
			);
			name = BrickPuzzleUITests;
			productName = BrickPuzzleUITests;
			productReference = 100000000000000000000503 /* BrickPuzzleUITests.xctest */;
			productType = "com.apple.product-type.bundle.ui-testing";
		};
/* End PBXNativeTarget section */

/* Begin PBXProject section */
		100000000000000000000301 /* Project object */ = {
			isa = PBXProject;
			attributes = {
				BuildIndependentTargetsInParallel = 1;
				LastSwiftUpdateCheck = 2660;
				LastUpgradeCheck = 2660;
				TargetAttributes = {
					100000000000000000000401 = {
						CreatedOnToolsVersion = 26.6;
					};
					100000000000000000000402 = {
						CreatedOnToolsVersion = 26.6;
						TestTargetID = 100000000000000000000401;
					};
					100000000000000000000403 = {
						CreatedOnToolsVersion = 26.6;
						TestTargetID = 100000000000000000000401;
					};
				};
			};
			buildConfigurationList = 100000000000000000000900 /* Build configuration list for PBXProject "BrickPuzzle" */;
			developmentRegion = en;
			hasScannedForEncodings = 0;
			knownRegions = (
				en,
				Base,
			);
			mainGroup = 100000000000000000000701;
			minimizedProjectReferenceProxies = 1;
			preferredProjectObjectVersion = 77;
			productRefGroup = 100000000000000000000711 /* Products */;
			projectDirPath = "";
			projectRoot = "";
			targets = (
				100000000000000000000401 /* BrickPuzzle */,
				100000000000000000000402 /* BrickPuzzleTests */,
				100000000000000000000403 /* BrickPuzzleUITests */,
			);
		};
/* End PBXProject section */

/* Begin PBXResourcesBuildPhase section */
		100000000000000000000804 /* Resources */ = {
			isa = PBXResourcesBuildPhase;
			buildActionMask = 2147483647;
			files = (
				100000000000000000000007 /* Assets.xcassets in Resources */,
				300000000000000000000003 /* Levels in Resources */,
				400000000000000000000003 /* Replays in Resources */,
			);
			runOnlyForDeploymentPostprocessing = 0;
		};
		100000000000000000000805 /* Resources */ = {
			isa = PBXResourcesBuildPhase;
			buildActionMask = 2147483647;
			files = (
			);
			runOnlyForDeploymentPostprocessing = 0;
		};
		100000000000000000000806 /* Resources */ = {
			isa = PBXResourcesBuildPhase;
			buildActionMask = 2147483647;
			files = (
			);
			runOnlyForDeploymentPostprocessing = 0;
		};
/* End PBXResourcesBuildPhase section */

/* Begin PBXSourcesBuildPhase section */
		100000000000000000000801 /* Sources */ = {
			isa = PBXSourcesBuildPhase;
			buildActionMask = 2147483647;
			files = (
				100000000000000000000001 /* BrickPuzzleApp.swift in Sources */,
				100000000000000000000002 /* AppRootView.swift in Sources */,
				100000000000000000000003 /* SpriteKitGameView.swift in Sources */,
				100000000000000000000004 /* BrickPuzzleScene.swift in Sources */,
				100000000000000000000005 /* LevelDefinition.swift in Sources */,
				100000000000000000000006 /* PowerupDefinition.swift in Sources */,
				200000000000000000000001 /* GameState.swift in Sources */,
				300000000000000000000001 /* LevelBundleLoader.swift in Sources */,
				400000000000000000000001 /* ReplayValidation.swift in Sources */,
				500000000000000000000001 /* AppState.swift in Sources */,
			);
			runOnlyForDeploymentPostprocessing = 0;
		};
		100000000000000000000802 /* Sources */ = {
			isa = PBXSourcesBuildPhase;
			buildActionMask = 2147483647;
			files = (
				100000000000000000000008 /* LevelDefinitionTests.swift in Sources */,
				200000000000000000000002 /* GameStateTests.swift in Sources */,
				300000000000000000000002 /* LevelBundleLoaderTests.swift in Sources */,
				400000000000000000000002 /* ReplayRunnerTests.swift in Sources */,
			);
			runOnlyForDeploymentPostprocessing = 0;
		};
		100000000000000000000803 /* Sources */ = {
			isa = PBXSourcesBuildPhase;
			buildActionMask = 2147483647;
			files = (
				100000000000000000000009 /* BrickPuzzleUITests.swift in Sources */,
			);
			runOnlyForDeploymentPostprocessing = 0;
		};
/* End PBXSourcesBuildPhase section */

/* Begin PBXTargetDependency section */
		100000000000000000000203 /* PBXTargetDependency */ = {
			isa = PBXTargetDependency;
			target = 100000000000000000000401 /* BrickPuzzle */;
			targetProxy = 100000000000000000000201 /* PBXContainerItemProxy */;
		};
		100000000000000000000204 /* PBXTargetDependency */ = {
			isa = PBXTargetDependency;
			target = 100000000000000000000401 /* BrickPuzzle */;
			targetProxy = 100000000000000000000202 /* PBXContainerItemProxy */;
		};
/* End PBXTargetDependency section */

/* Begin XCBuildConfiguration section */
		100000000000000000001001 /* Debug */ = {
			isa = XCBuildConfiguration;
			buildSettings = {
				ALWAYS_SEARCH_USER_PATHS = NO;
				CLANG_ANALYZER_NONNULL = YES;
				CLANG_ANALYZER_NUMBER_OBJECT_CONVERSION = YES_AGGRESSIVE;
				CLANG_CXX_LANGUAGE_STANDARD = "gnu++20";
				CLANG_ENABLE_MODULES = YES;
				CLANG_ENABLE_OBJC_ARC = YES;
				CLANG_ENABLE_OBJC_WEAK = YES;
				CLANG_WARN_BLOCK_CAPTURE_AUTORELEASING = YES;
				CLANG_WARN_BOOL_CONVERSION = YES;
				CLANG_WARN_COMMA = YES;
				CLANG_WARN_CONSTANT_CONVERSION = YES;
				CLANG_WARN_DEPRECATED_OBJC_IMPLEMENTATIONS = YES;
				CLANG_WARN_DIRECT_OBJC_ISA_USAGE = YES_ERROR;
				CLANG_WARN_DOCUMENTATION_COMMENTS = YES;
				CLANG_WARN_EMPTY_BODY = YES;
				CLANG_WARN_ENUM_CONVERSION = YES;
				CLANG_WARN_INFINITE_RECURSION = YES;
				CLANG_WARN_INT_CONVERSION = YES;
				CLANG_WARN_NON_LITERAL_NULL_CONVERSION = YES;
				CLANG_WARN_OBJC_IMPLICIT_RETAIN_SELF = YES;
				CLANG_WARN_OBJC_LITERAL_CONVERSION = YES;
				CLANG_WARN_OBJC_ROOT_CLASS = YES_ERROR;
				CLANG_WARN_QUOTED_INCLUDE_IN_FRAMEWORK_HEADER = YES;
				CLANG_WARN_RANGE_LOOP_ANALYSIS = YES;
				CLANG_WARN_STRICT_PROTOTYPES = YES;
				CLANG_WARN_SUSPICIOUS_MOVE = YES;
				CLANG_WARN_UNGUARDED_AVAILABILITY = YES_AGGRESSIVE;
				CLANG_WARN_UNREACHABLE_CODE = YES;
				CLANG_WARN__DUPLICATE_METHOD_MATCH = YES;
				COPY_PHASE_STRIP = NO;
				DEBUG_INFORMATION_FORMAT = dwarf;
				ENABLE_STRICT_OBJC_MSGSEND = YES;
				ENABLE_TESTABILITY = YES;
				ENABLE_USER_SCRIPT_SANDBOXING = YES;
				GCC_C_LANGUAGE_STANDARD = gnu17;
				GCC_DYNAMIC_NO_PIC = NO;
				GCC_NO_COMMON_BLOCKS = YES;
				GCC_OPTIMIZATION_LEVEL = 0;
				GCC_PREPROCESSOR_DEFINITIONS = (
					"DEBUG=1",
					"$(inherited)",
				);
				GCC_WARN_64_TO_32_BIT_CONVERSION = YES;
				GCC_WARN_ABOUT_RETURN_TYPE = YES_ERROR;
				GCC_WARN_UNDECLARED_SELECTOR = YES;
				GCC_WARN_UNINITIALIZED_AUTOS = YES_AGGRESSIVE;
				GCC_WARN_UNUSED_FUNCTION = YES;
				GCC_WARN_UNUSED_VARIABLE = YES;
				IPHONEOS_DEPLOYMENT_TARGET = 18.0;
				LOCALIZATION_PREFERS_STRING_CATALOGS = YES;
				MTL_ENABLE_DEBUG_INFO = INCLUDE_SOURCE;
				MTL_FAST_MATH = YES;
				ONLY_ACTIVE_ARCH = YES;
				SDKROOT = iphoneos;
				SWIFT_ACTIVE_COMPILATION_CONDITIONS = "DEBUG $(inherited)";
				SWIFT_OPTIMIZATION_LEVEL = "-Onone";
			};
			name = Debug;
		};
		100000000000000000001002 /* Release */ = {
			isa = XCBuildConfiguration;
			buildSettings = {
				ALWAYS_SEARCH_USER_PATHS = NO;
				CLANG_ANALYZER_NONNULL = YES;
				CLANG_ANALYZER_NUMBER_OBJECT_CONVERSION = YES_AGGRESSIVE;
				CLANG_CXX_LANGUAGE_STANDARD = "gnu++20";
				CLANG_ENABLE_MODULES = YES;
				CLANG_ENABLE_OBJC_ARC = YES;
				CLANG_ENABLE_OBJC_WEAK = YES;
				CLANG_WARN_BLOCK_CAPTURE_AUTORELEASING = YES;
				CLANG_WARN_BOOL_CONVERSION = YES;
				CLANG_WARN_COMMA = YES;
				CLANG_WARN_CONSTANT_CONVERSION = YES;
				CLANG_WARN_DEPRECATED_OBJC_IMPLEMENTATIONS = YES;
				CLANG_WARN_DIRECT_OBJC_ISA_USAGE = YES_ERROR;
				CLANG_WARN_DOCUMENTATION_COMMENTS = YES;
				CLANG_WARN_EMPTY_BODY = YES;
				CLANG_WARN_ENUM_CONVERSION = YES;
				CLANG_WARN_INFINITE_RECURSION = YES;
				CLANG_WARN_INT_CONVERSION = YES;
				CLANG_WARN_NON_LITERAL_NULL_CONVERSION = YES;
				CLANG_WARN_OBJC_IMPLICIT_RETAIN_SELF = YES;
				CLANG_WARN_OBJC_LITERAL_CONVERSION = YES;
				CLANG_WARN_OBJC_ROOT_CLASS = YES_ERROR;
				CLANG_WARN_QUOTED_INCLUDE_IN_FRAMEWORK_HEADER = YES;
				CLANG_WARN_RANGE_LOOP_ANALYSIS = YES;
				CLANG_WARN_STRICT_PROTOTYPES = YES;
				CLANG_WARN_SUSPICIOUS_MOVE = YES;
				CLANG_WARN_UNGUARDED_AVAILABILITY = YES_AGGRESSIVE;
				CLANG_WARN_UNREACHABLE_CODE = YES;
				CLANG_WARN__DUPLICATE_METHOD_MATCH = YES;
				COPY_PHASE_STRIP = NO;
				DEBUG_INFORMATION_FORMAT = "dwarf-with-dsym";
				ENABLE_NS_ASSERTIONS = NO;
				ENABLE_STRICT_OBJC_MSGSEND = YES;
				ENABLE_USER_SCRIPT_SANDBOXING = YES;
				GCC_C_LANGUAGE_STANDARD = gnu17;
				GCC_NO_COMMON_BLOCKS = YES;
				GCC_WARN_64_TO_32_BIT_CONVERSION = YES;
				GCC_WARN_ABOUT_RETURN_TYPE = YES_ERROR;
				GCC_WARN_UNDECLARED_SELECTOR = YES;
				GCC_WARN_UNINITIALIZED_AUTOS = YES_AGGRESSIVE;
				GCC_WARN_UNUSED_FUNCTION = YES;
				GCC_WARN_UNUSED_VARIABLE = YES;
				IPHONEOS_DEPLOYMENT_TARGET = 18.0;
				LOCALIZATION_PREFERS_STRING_CATALOGS = YES;
				MTL_ENABLE_DEBUG_INFO = NO;
				MTL_FAST_MATH = YES;
				SDKROOT = iphoneos;
				SWIFT_COMPILATION_MODE = wholemodule;
				VALIDATE_PRODUCT = YES;
			};
			name = Release;
		};
		100000000000000000001003 /* Debug */ = {
			isa = XCBuildConfiguration;
			buildSettings = {
				ASSETCATALOG_COMPILER_GLOBAL_ACCENT_COLOR_NAME = AccentColor;
				CODE_SIGN_STYLE = Automatic;
				CURRENT_PROJECT_VERSION = 1;
				DEVELOPMENT_ASSET_PATHS = "\"BrickPuzzle/Resources/Preview Content\"";
				GENERATE_INFOPLIST_FILE = YES;
				INFOPLIST_KEY_CFBundleDisplayName = "Brick Puzzle";
				INFOPLIST_KEY_LSApplicationCategoryType = "public.app-category.puzzle-games";
				INFOPLIST_KEY_UIApplicationSupportsIndirectInputEvents = YES;
				INFOPLIST_KEY_UILaunchScreen_Generation = YES;
				IPHONEOS_DEPLOYMENT_TARGET = 18.0;
				LD_RUNPATH_SEARCH_PATHS = (
					"$(inherited)",
					"@executable_path/Frameworks",
				);
				MARKETING_VERSION = 0.1.0;
				PRODUCT_BUNDLE_IDENTIFIER = com.example.brickpuzzle;
				PRODUCT_NAME = "$(TARGET_NAME)";
				SUPPORTED_PLATFORMS = "iphoneos iphonesimulator";
				SUPPORTS_MACCATALYST = NO;
				SWIFT_EMIT_LOC_STRINGS = YES;
				SWIFT_VERSION = 6.0;
				TARGETED_DEVICE_FAMILY = "1,2";
			};
			name = Debug;
		};
		100000000000000000001004 /* Release */ = {
			isa = XCBuildConfiguration;
			buildSettings = {
				ASSETCATALOG_COMPILER_GLOBAL_ACCENT_COLOR_NAME = AccentColor;
				CODE_SIGN_STYLE = Automatic;
				CURRENT_PROJECT_VERSION = 1;
				DEVELOPMENT_ASSET_PATHS = "\"BrickPuzzle/Resources/Preview Content\"";
				GENERATE_INFOPLIST_FILE = YES;
				INFOPLIST_KEY_CFBundleDisplayName = "Brick Puzzle";
				INFOPLIST_KEY_LSApplicationCategoryType = "public.app-category.puzzle-games";
				INFOPLIST_KEY_UIApplicationSupportsIndirectInputEvents = YES;
				INFOPLIST_KEY_UILaunchScreen_Generation = YES;
				IPHONEOS_DEPLOYMENT_TARGET = 18.0;
				LD_RUNPATH_SEARCH_PATHS = (
					"$(inherited)",
					"@executable_path/Frameworks",
				);
				MARKETING_VERSION = 0.1.0;
				PRODUCT_BUNDLE_IDENTIFIER = com.example.brickpuzzle;
				PRODUCT_NAME = "$(TARGET_NAME)";
				SUPPORTED_PLATFORMS = "iphoneos iphonesimulator";
				SUPPORTS_MACCATALYST = NO;
				SWIFT_EMIT_LOC_STRINGS = YES;
				SWIFT_VERSION = 6.0;
				TARGETED_DEVICE_FAMILY = "1,2";
			};
			name = Release;
		};
		100000000000000000001005 /* Debug */ = {
			isa = XCBuildConfiguration;
			buildSettings = {
				BUNDLE_LOADER = "$(TEST_HOST)";
				CODE_SIGN_STYLE = Automatic;
				CURRENT_PROJECT_VERSION = 1;
				GENERATE_INFOPLIST_FILE = YES;
				IPHONEOS_DEPLOYMENT_TARGET = 18.0;
				LD_RUNPATH_SEARCH_PATHS = (
					"$(inherited)",
					"@executable_path/Frameworks",
					"@loader_path/Frameworks",
				);
				MARKETING_VERSION = 0.1.0;
				PRODUCT_BUNDLE_IDENTIFIER = com.example.brickpuzzle.tests;
				PRODUCT_NAME = "$(TARGET_NAME)";
				SUPPORTED_PLATFORMS = "iphoneos iphonesimulator";
				SWIFT_VERSION = 6.0;
				TARGETED_DEVICE_FAMILY = "1,2";
				TEST_HOST = "$(BUILT_PRODUCTS_DIR)/BrickPuzzle.app/$(BUNDLE_EXECUTABLE_FOLDER_PATH)/BrickPuzzle";
			};
			name = Debug;
		};
		100000000000000000001006 /* Release */ = {
			isa = XCBuildConfiguration;
			buildSettings = {
				BUNDLE_LOADER = "$(TEST_HOST)";
				CODE_SIGN_STYLE = Automatic;
				CURRENT_PROJECT_VERSION = 1;
				GENERATE_INFOPLIST_FILE = YES;
				IPHONEOS_DEPLOYMENT_TARGET = 18.0;
				LD_RUNPATH_SEARCH_PATHS = (
					"$(inherited)",
					"@executable_path/Frameworks",
					"@loader_path/Frameworks",
				);
				MARKETING_VERSION = 0.1.0;
				PRODUCT_BUNDLE_IDENTIFIER = com.example.brickpuzzle.tests;
				PRODUCT_NAME = "$(TARGET_NAME)";
				SUPPORTED_PLATFORMS = "iphoneos iphonesimulator";
				SWIFT_VERSION = 6.0;
				TARGETED_DEVICE_FAMILY = "1,2";
				TEST_HOST = "$(BUILT_PRODUCTS_DIR)/BrickPuzzle.app/$(BUNDLE_EXECUTABLE_FOLDER_PATH)/BrickPuzzle";
			};
			name = Release;
		};
		100000000000000000001007 /* Debug */ = {
			isa = XCBuildConfiguration;
			buildSettings = {
				CODE_SIGN_STYLE = Automatic;
				CURRENT_PROJECT_VERSION = 1;
				GENERATE_INFOPLIST_FILE = YES;
				IPHONEOS_DEPLOYMENT_TARGET = 18.0;
				LD_RUNPATH_SEARCH_PATHS = (
					"$(inherited)",
					"@executable_path/Frameworks",
					"@loader_path/Frameworks",
				);
				MARKETING_VERSION = 0.1.0;
				PRODUCT_BUNDLE_IDENTIFIER = com.example.brickpuzzle.uitests;
				PRODUCT_NAME = "$(TARGET_NAME)";
				SUPPORTED_PLATFORMS = "iphoneos iphonesimulator";
				SWIFT_VERSION = 6.0;
				TARGETED_DEVICE_FAMILY = "1,2";
				TEST_TARGET_NAME = BrickPuzzle;
			};
			name = Debug;
		};
		100000000000000000001008 /* Release */ = {
			isa = XCBuildConfiguration;
			buildSettings = {
				CODE_SIGN_STYLE = Automatic;
				CURRENT_PROJECT_VERSION = 1;
				GENERATE_INFOPLIST_FILE = YES;
				IPHONEOS_DEPLOYMENT_TARGET = 18.0;
				LD_RUNPATH_SEARCH_PATHS = (
					"$(inherited)",
					"@executable_path/Frameworks",
					"@loader_path/Frameworks",
				);
				MARKETING_VERSION = 0.1.0;
				PRODUCT_BUNDLE_IDENTIFIER = com.example.brickpuzzle.uitests;
				PRODUCT_NAME = "$(TARGET_NAME)";
				SUPPORTED_PLATFORMS = "iphoneos iphonesimulator";
				SWIFT_VERSION = 6.0;
				TARGETED_DEVICE_FAMILY = "1,2";
				TEST_TARGET_NAME = BrickPuzzle;
			};
			name = Release;
		};
/* End XCBuildConfiguration section */

/* Begin XCConfigurationList section */
		100000000000000000000900 /* Build configuration list for PBXProject "BrickPuzzle" */ = {
			isa = XCConfigurationList;
			buildConfigurations = (
				100000000000000000001001 /* Debug */,
				100000000000000000001002 /* Release */,
			);
			defaultConfigurationIsVisible = 0;
			defaultConfigurationName = Release;
		};
		100000000000000000000901 /* Build configuration list for PBXNativeTarget "BrickPuzzle" */ = {
			isa = XCConfigurationList;
			buildConfigurations = (
				100000000000000000001003 /* Debug */,
				100000000000000000001004 /* Release */,
			);
			defaultConfigurationIsVisible = 0;
			defaultConfigurationName = Release;
		};
		100000000000000000000902 /* Build configuration list for PBXNativeTarget "BrickPuzzleTests" */ = {
			isa = XCConfigurationList;
			buildConfigurations = (
				100000000000000000001005 /* Debug */,
				100000000000000000001006 /* Release */,
			);
			defaultConfigurationIsVisible = 0;
			defaultConfigurationName = Release;
		};
		100000000000000000000903 /* Build configuration list for PBXNativeTarget "BrickPuzzleUITests" */ = {
			isa = XCConfigurationList;
			buildConfigurations = (
				100000000000000000001007 /* Debug */,
				100000000000000000001008 /* Release */,
			);
			defaultConfigurationIsVisible = 0;
			defaultConfigurationName = Release;
		};
/* End XCConfigurationList section */
	};
	rootObject = 100000000000000000000301 /* Project object */;
}
